// !$*UTF8*$!
{
	archiveVersion = 1;
	classes = {
	};
	objectVersion = 56;
	objects = {

/* Begin PBXBuildFile section */
		A6A846AC2CF330E200F11B4D /* LearnTCAApp.swift in Sources */ = {isa = PBXBuildFile; fileRef = A6A846AB2CF330E200F11B4D /* LearnTCAApp.swift */; };
		A6A846AE2CF330E200F11B4D /* ContentView.swift in Sources */ = {isa = PBXBuildFile; fileRef = A6A846AD2CF330E200F11B4D /* ContentView.swift */; };
		A6A846B02CF330E300F11B4D /* Assets.xcassets in Resources */ = {isa = PBXBuildFile; fileRef = A6A846AF2CF330E300F11B4D /* Assets.xcassets */; };
		A6A846B32CF330E300F11B4D /* Preview Assets.xcassets in Resources */ = {isa = PBXBuildFile; fileRef = A6A846B22CF330E300F11B4D /* Preview Assets.xcassets */; };
		A6A846BD2CF330E300F11B4D /* LearnTCATests.swift in Sources */ = {isa = PBXBuildFile; fileRef = A6A846BC2CF330E300F11B4D /* LearnTCATests.swift */; };
		A6A846C72CF330E300F11B4D /* LearnTCAUITests.swift in Sources */ = {isa = PBXBuildFile; fileRef = A6A846C62CF330E300F11B4D /* LearnTCAUITests.swift */; };
		A6A846C92CF330E300F11B4D /* LearnTCAUITestsLaunchTests.swift in Sources */ = {isa = PBXBuildFile; fileRef = A6A846C82CF330E300F11B4D /* LearnTCAUITestsLaunchTests.swift */; };
/* End PBXBuildFile section */

/* Begin PBXContainerItemProxy section */
		A6A846B92CF330E300F11B4D /* PBXContainerItemProxy */ = {
			isa = PBXContainerItemProxy;
			containerPortal = A6A846A02CF330E200F11B4D /* Project object */;
			proxyType = 1;
			remoteGlobalIDString = A6A846A72CF330E200F11B4D;
			remoteInfo = LearnTCA;
		};
		A6A846C32CF330E300F11B4D /* PBXContainerItemProxy */ = {
			isa = PBXContainerItemProxy;
			containerPortal = A6A846A02CF330E200F11B4D /* Project object */;
			proxyType = 1;
			remoteGlobalIDString = A6A846A72CF330E200F11B4D;
			remoteInfo = LearnTCA;
		};
/* End PBXContainerItemProxy section */

/* Begin PBXFileReference section */
		A6A846A82CF330E200F11B4D /* LearnTCA.app */ = {isa = PBXFileReference; explicitFileType = wrapper.application; includeInIndex = 0; path = LearnTCA.app; sourceTree = BUILT_PRODUCTS_DIR; };
		A6A846AB2CF330E200F11B4D /* LearnTCAApp.swift */ = {isa = PBXFileReference; lastKnownFileType = sourcecode.swift; path = LearnTCAApp.swift; sourceTree = "<group>"; };
		A6A846AD2CF330E200F11B4D /* ContentView.swift */ = {isa = PBXFileReference; lastKnownFileType = sourcecode.swift; path = ContentView.swift; sourceTree = "<group>"; };
		A6A846AF2CF330E300F11B4D /* Assets.xcassets */ = {isa = PBXFileReference; lastKnownFileType = folder.assetcatalog; path = Assets.xcassets; sourceTree = "<group>"; };
		A6A846B22CF330E300F11B4D /* Preview Assets.xcassets */ = {isa = PBXFileReference; lastKnownFileType = folder.assetcatalog; path = "Preview Assets.xcassets"; sourceTree = "<group>"; };
		A6A846B82CF330E300F11B4D /* LearnTCATests.xctest */ = {isa = PBXFileReference; explicitFileType = wrapper.cfbundle; includeInIndex = 0; path = LearnTCATests.xctest; sourceTree = BUILT_PRODUCTS_DIR; };
		A6A846BC2CF330E300F11B4D /* LearnTCATests.swift */ = {isa = PBXFileReference; lastKnownFileType = sourcecode.swift; path = LearnTCATests.swift; sourceTree = "<group>"; };
		A6A846C22CF330E300F11B4D /* LearnTCAUITests.xctest */ = {isa = PBXFileReference; explicitFileType = wrapper.cfbundle; includeInIndex = 0; path = LearnTCAUITests.xctest; sourceTree = BUILT_PRODUCTS_DIR; };
		A6A846C62CF330E300F11B4D /* LearnTCAUITests.swift */ = {isa = PBXFileReference; lastKnownFileType = sourcecode.swift; path = LearnTCAUITests.swift; sourceTree = "<group>"; };
		A6A846C82CF330E300F11B4D /* LearnTCAUITestsLaunchTests.swift */ = {isa = PBXFileReference; lastKnownFileType = sourcecode.swift; path = LearnTCAUITestsLaunchTests.swift; sourceTree = "<group>"; };
/* End PBXFileReference section */

/* Begin PBXFrameworksBuildPhase section */
		A6A846A52CF330E200F11B4D /* Frameworks */ = {
			isa = PBXFrameworksBuildPhase;
			buildActionMask = 2147483647;
			files = (
			);
			runOnlyForDeploymentPostprocessing = 0;
		};
		A6A846B52CF330E300F11B4D /* Frameworks */ = {
			isa = PBXFrameworksBuildPhase;
			buildActionMask = 2147483647;
			files = (
			);
			runOnlyForDeploymentPostprocessing = 0;
		};
		A6A846BF2CF330E300F11B4D /* Frameworks */ = {
			isa = PBXFrameworksBuildPhase;
			buildActionMask = 2147483647;
			files = (
			);
			runOnlyForDeploymentPostprocessing = 0;
		};
/* End PBXFrameworksBuildPhase section */

/* Begin PBXGroup section */
		A6A8469F2CF330E200F11B4D = {
			isa = PBXGroup;
			children = (
				A6A846AA2CF330E200F11B4D /* LearnTCA */,
				A6A846BB2CF330E300F11B4D /* LearnTCATests */,
				A6A846C52CF330E300F11B4D /* LearnTCAUITests */,
				A6A846A92CF330E200F11B4D /* Products */,
			);
			sourceTree = "<group>";
		};
		A6A846A92CF330E200F11B4D /* Products */ = {
			isa = PBXGroup;
			children = (
				A6A846A82CF330E200F11B4D /* LearnTCA.app */,
				A6A846B82CF330E300F11B4D /* LearnTCATests.xctest */,
				A6A846C22CF330E300F11B4D /* LearnTCAUITests.xctest */,
			);
			name = Products;
			sourceTree = "<group>";
		};
		A6A846AA2CF330E200F11B4D /* LearnTCA */ = {
			isa = PBXGroup;
			children = (
				A6A846AB2CF330E200F11B4D /* LearnTCAApp.swift */,
				A6A846AD2CF330E200F11B4D /* ContentView.swift */,
				A6A846AF2CF330E300F11B4D /* Assets.xcassets */,
				A6A846B12CF330E300F11B4D /* Preview Content */,
			);
			path = LearnTCA;
			sourceTree = "<group>";
		};
		A6A846B12CF330E300F11B4D /* Preview Content */ = {
			isa = PBXGroup;
			children = (
				A6A846B22CF330E300F11B4D /* Preview Assets.xcassets */,
			);
			path = "Preview Content";
			sourceTree = "<group>";
		};
		A6A846BB2CF330E300F11B4D /* LearnTCATests */ = {
			isa = PBXGroup;
			children = (
				A6A846BC2CF330E300F11B4D /* LearnTCATests.swift */,
			);
			path = LearnTCATests;
			sourceTree = "<group>";
		};
		A6A846C52CF330E300F11B4D /* LearnTCAUITests */ = {
			isa = PBXGroup;
			children = (
				A6A846C62CF330E300F11B4D /* LearnTCAUITests.swift */,
				A6A846C82CF330E300F11B4D /* LearnTCAUITestsLaunchTests.swift */,
			);
			path = LearnTCAUITests;
			sourceTree = "<group>";
		};
/* End PBXGroup section */

/* Begin PBXNativeTarget section */
		A6A846A72CF330E200F11B4D /* LearnTCA */ = {
			isa = PBXNativeTarget;
			buildConfigurationList = A6A846CC2CF330E300F11B4D /* Build configuration list for PBXNativeTarget "LearnTCA" */;
			buildPhases = (
				A6A846A42CF330E200F11B4D /* Sources */,
				A6A846A52CF330E200F11B4D /* Frameworks */,
				A6A846A62CF330E200F11B4D /* Resources */,
			);
			buildRules = (
			);
			dependencies = (
			);
			name = LearnTCA;
			productName = LearnTCA;
			productReference = A6A846A82CF330E200F11B4D /* LearnTCA.app */;
			productType = "com.apple.product-type.application";
		};
		A6A846B72CF330E300F11B4D /* LearnTCATests */ = {
			isa = PBXNativeTarget;
			buildConfigurationList = A6A846CF2CF330E300F11B4D /* Build configuration list for PBXNativeTarget "LearnTCATests" */;
			buildPhases = (
				A6A846B42CF330E300F11B4D /* Sources */,
				A6A846B52CF330E300F11B4D /* Frameworks */,
				A6A846B62CF330E300F11B4D /* Resources */,
			);
			buildRules = (
			);
			dependencies = (
				A6A846BA2CF330E300F11B4D /* PBXTargetDependency */,
			);
			name = LearnTCATests;
			productName = LearnTCATests;
			productReference = A6A846B82CF330E300F11B4D /* LearnTCATests.xctest */;
			productType = "com.apple.product-type.bundle.unit-test";
		};
		A6A846C12CF330E300F11B4D /* LearnTCAUITests */ = {
			isa = PBXNativeTarget;
			buildConfigurationList = A6A846D22CF330E300F11B4D /* Build configuration list for PBXNativeTarget "LearnTCAUITests" */;
			buildPhases = (
				A6A846BE2CF330E300F11B4D /* Sources */,
				A6A846BF2CF330E300F11B4D /* Frameworks */,
				A6A846C02CF330E300F11B4D /* Resources */,
			);
			buildRules = (
			);
			dependencies = (
				A6A846C42CF330E300F11B4D /* PBXTargetDependency */,
			);
			name = LearnTCAUITests;
			productName = LearnTCAUITests;
			productReference = A6A846C22CF330E300F11B4D /* LearnTCAUITests.xctest */;
			productType = "com.apple.product-type.bundle.ui-testing";
		};
/* End PBXNativeTarget section */

/* Begin PBXProject section */
		A6A846A02CF330E200F11B4D /* Project object */ = {
			isa = PBXProject;
			attributes = {
				BuildIndependentTargetsInParallel = 1;
				LastSwiftUpdateCheck = 1540;
				LastUpgradeCheck = 1540;
				TargetAttributes = {
					A6A846A72CF330E200F11B4D = {
						CreatedOnToolsVersion = 15.4;
					};
					A6A846B72CF330E300F11B4D = {
						CreatedOnToolsVersion = 15.4;
						TestTargetID = A6A846A72CF330E200F11B4D;
					};
					A6A846C12CF330E300F11B4D = {
						CreatedOnToolsVersion = 15.4;
						TestTargetID = A6A846A72CF330E200F11B4D;
					};
				};
			};
			buildConfigurationList = A6A846A32CF330E200F11B4D /* Build configuration list for PBXProject "LearnTCA" */;
			compatibilityVersion = "Xcode 14.0";
			developmentRegion = en;
			hasScannedForEncodings = 0;
			knownRegions = (
				en,
				Base,
			);
			mainGroup = A6A8469F2CF330E200F11B4D;
			productRefGroup = A6A846A92CF330E200F11B4D /* Products */;
			projectDirPath = "";
			projectRoot = "";
			targets = (
				A6A846A72CF330E200F11B4D /* LearnTCA */,
				A6A846B72CF330E300F11B4D /* LearnTCATests */,
				A6A846C12CF330E300F11B4D /* LearnTCAUITests */,
			);
		};
/* End PBXProject section */

/* Begin PBXResourcesBuildPhase section */
		A6A846A62CF330E200F11B4D /* Resources */ = {
			isa = PBXResourcesBuildPhase;
			buildActionMask = 2147483647;
			files = (
				A6A846B32CF330E300F11B4D /* Preview Assets.xcassets in Resources */,
				A6A846B02CF330E300F11B4D /* Assets.xcassets in Resources */,
			);
			runOnlyForDeploymentPostprocessing = 0;
		};
		A6A846B62CF330E300F11B4D /* Resources */ = {
			isa = PBXResourcesBuildPhase;
			buildActionMask = 2147483647;
			files = (
			);
			runOnlyForDeploymentPostprocessing = 0;
		};
		A6A846C02CF330E300F11B4D /* Resources */ = {
			isa = PBXResourcesBuildPhase;
			buildActionMask = 2147483647;
			files = (
			);
			runOnlyForDeploymentPostprocessing = 0;
		};
/* End PBXResourcesBuildPhase section */

/* Begin PBXSourcesBuildPhase section */
		A6A846A42CF330E200F11B4D /* Sources */ = {
			isa = PBXSourcesBuildPhase;
			buildActionMask = 2147483647;
			files = (
				A6A846AE2CF330E200F11B4D /* ContentView.swift in Sources */,
				A6A846AC2CF330E200F11B4D /* LearnTCAApp.swift in Sources */,
			);
			runOnlyForDeploymentPostprocessing = 0;
		};
		A6A846B42CF330E300F11B4D /* Sources */ = {
			isa = PBXSourcesBuildPhase;
			buildActionMask = 2147483647;
			files = (
				A6A846BD2CF330E300F11B4D /* LearnTCATests.swift in Sources */,
			);
			runOnlyForDeploymentPostprocessing = 0;
		};
		A6A846BE2CF330E300F11B4D /* Sources */ = {
			isa = PBXSourcesBuildPhase;
			buildActionMask = 2147483647;
			files = (
				A6A846C92CF330E300F11B4D /* LearnTCAUITestsLaunchTests.swift in Sources */,
				A6A846C72CF330E300F11B4D /* LearnTCAUITests.swift in Sources */,
			);
			runOnlyForDeploymentPostprocessing = 0;
		};
/* End PBXSourcesBuildPhase section */

/* Begin PBXTargetDependency section */
		A6A846BA2CF330E300F11B4D /* PBXTargetDependency */ = {
			isa = PBXTargetDependency;
			target = A6A846A72CF330E200F11B4D /* LearnTCA */;
			targetProxy = A6A846B92CF330E300F11B4D /* PBXContainerItemProxy */;
		};
		A6A846C42CF330E300F11B4D /* PBXTargetDependency */ = {
			isa = PBXTargetDependency;
			target = A6A846A72CF330E200F11B4D /* LearnTCA */;
			targetProxy = A6A846C32CF330E300F11B4D /* PBXContainerItemProxy */;
		};
/* End PBXTargetDependency section */

/* Begin XCBuildConfiguration section */
		A6A846CA2CF330E300F11B4D /* Debug */ = {
			isa = XCBuildConfiguration;
			buildSettings = {
				ALWAYS_SEARCH_USER_PATHS = NO;
				ASSETCATALOG_COMPILER_GENERATE_SWIFT_ASSET_SYMBOL_EXTENSIONS = YES;
				CLANG_ANALYZER_NONNULL = YES;
				CLANG_ANALYZER_NUMBER_OBJECT_CONVERSION = YES_AGGRESSIVE;
				CLANG_CXX_LANGUAGE_STANDARD = "gnu++20";
				CLANG_ENABLE_MODULES = YES;
				CLANG_ENABLE_OBJC_ARC = YES;
				CLANG_ENABLE_OBJC_WEAK = YES;
				CLANG_WARN_BLOCK_CAPTURE_AUTORELEASING = YES;
				CLANG_WARN_BOOL_CONVERSION = YES;
				CLANG_WARN_COMMA = YES;
				CLANG_WARN_CONSTANT_CONVERSION = YES;
				CLANG_WARN_DEPRECATED_OBJC_IMPLEMENTATIONS = YES;
				CLANG_WARN_DIRECT_OBJC_ISA_USAGE = YES_ERROR;
				CLANG_WARN_DOCUMENTATION_COMMENTS = YES;
				CLANG_WARN_EMPTY_BODY = YES;
				CLANG_WARN_ENUM_CONVERSION = YES;
				CLANG_WARN_INFINITE_RECURSION = YES;
				CLANG_WARN_INT_CONVERSION = YES;
				CLANG_WARN_NON_LITERAL_NULL_CONVERSION = YES;
				CLANG_WARN_OBJC_IMPLICIT_RETAIN_SELF = YES;
				CLANG_WARN_OBJC_LITERAL_CONVERSION = YES;
				CLANG_WARN_OBJC_ROOT_CLASS = YES_ERROR;
				CLANG_WARN_QUOTED_INCLUDE_IN_FRAMEWORK_HEADER = YES;
				CLANG_WARN_RANGE_LOOP_ANALYSIS = YES;
				CLANG_WARN_STRICT_PROTOTYPES = YES;
				CLANG_WARN_SUSPICIOUS_MOVE = YES;
				CLANG_WARN_UNGUARDED_AVAILABILITY = YES_AGGRESSIVE;
				CLANG_WARN_UNREACHABLE_CODE = YES;
				CLANG_WARN__DUPLICATE_METHOD_MATCH = YES;
				COPY_PHASE_STRIP = NO;
				DEBUG_INFORMATION_FORMAT = dwarf;
				ENABLE_STRICT_OBJC_MSGSEND = YES;
				ENABLE_TESTABILITY = YES;
				ENABLE_USER_SCRIPT_SANDBOXING = YES;
				GCC_C_LANGUAGE_STANDARD = gnu17;
				GCC_DYNAMIC_NO_PIC = NO;
				GCC_NO_COMMON_BLOCKS = YES;
				GCC_OPTIMIZATION_LEVEL = 0;
				GCC_PREPROCESSOR_DEFINITIONS = (
					"DEBUG=1",
					"$(inherited)",
				);
				GCC_WARN_64_TO_32_BIT_CONVERSION = YES;
				GCC_WARN_ABOUT_RETURN_TYPE = YES_ERROR;
				GCC_WARN_UNDECLARED_SELECTOR = YES;
				GCC_WARN_UNINITIALIZED_AUTOS = YES_AGGRESSIVE;
				GCC_WARN_UNUSED_FUNCTION = YES;
				GCC_WARN_UNUSED_VARIABLE = YES;
				IPHONEOS_DEPLOYMENT_TARGET = 17.5;
				LOCALIZATION_PREFERS_STRING_CATALOGS = YES;
				MTL_ENABLE_DEBUG_INFO = INCLUDE_SOURCE;
				MTL_FAST_MATH = YES;
				ONLY_ACTIVE_ARCH = YES;
				SDKROOT = iphoneos;
				SWIFT_ACTIVE_COMPILATION_CONDITIONS = "DEBUG $(inherited)";
				SWIFT_OPTIMIZATION_LEVEL = "-Onone";
			};
			name = Debug;
		};
		A6A846CB2CF330E300F11B4D /* Release */ = {
			isa = XCBuildConfiguration;
			buildSettings = {
				ALWAYS_SEARCH_USER_PATHS = NO;
				ASSETCATALOG_COMPILER_GENERATE_SWIFT_ASSET_SYMBOL_EXTENSIONS = YES;
				CLANG_ANALYZER_NONNULL = YES;
				CLANG_ANALYZER_NUMBER_OBJECT_CONVERSION = YES_AGGRESSIVE;
				CLANG_CXX_LANGUAGE_STANDARD = "gnu++20";
				CLANG_ENABLE_MODULES = YES;
				CLANG_ENABLE_OBJC_ARC = YES;
				CLANG_ENABLE_OBJC_WEAK = YES;
				CLANG_WARN_BLOCK_CAPTURE_AUTORELEASING = YES;
				CLANG_WARN_BOOL_CONVERSION = YES;
				CLANG_WARN_COMMA = YES;
				CLANG_WARN_CONSTANT_CONVERSION = YES;
				CLANG_WARN_DEPRECATED_OBJC_IMPLEMENTATIONS = YES;
				CLANG_WARN_DIRECT_OBJC_ISA_USAGE = YES_ERROR;
				CLANG_WARN_DOCUMENTATION_COMMENTS = YES;
				CLANG_WARN_EMPTY_BODY = YES;
				CLANG_WARN_ENUM_CONVERSION = YES;
				CLANG_WARN_INFINITE_RECURSION = YES;
				CLANG_WARN_INT_CONVERSION = YES;
				CLANG_WARN_NON_LITERAL_NULL_CONVERSION = YES;
				CLANG_WARN_OBJC_IMPLICIT_RETAIN_SELF = YES;
				CLANG_WARN_OBJC_LITERAL_CONVERSION = YES;
				CLANG_WARN_OBJC_ROOT_CLASS = YES_ERROR;
				CLANG_WARN_QUOTED_INCLUDE_IN_FRAMEWORK_HEADER = YES;
				CLANG_WARN_RANGE_LOOP_ANALYSIS = YES;
				CLANG_WARN_STRICT_PROTOTYPES = YES;
				CLANG_WARN_SUSPICIOUS_MOVE = YES;
				CLANG_WARN_UNGUARDED_AVAILABILITY = YES_AGGRESSIVE;
				CLANG_WARN_UNREACHABLE_CODE = YES;
				CLANG_WARN__DUPLICATE_METHOD_MATCH = YES;
				COPY_PHASE_STRIP = NO;
				DEBUG_INFORMATION_FORMAT = "dwarf-with-dsym";
				ENABLE_NS_ASSERTIONS = NO;
				ENABLE_STRICT_OBJC_MSGSEND = YES;
				ENABLE_USER_SCRIPT_SANDBOXING = YES;
				GCC_C_LANGUAGE_STANDARD = gnu17;
				GCC_NO_COMMON_BLOCKS = YES;
				GCC_WARN_64_TO_32_BIT_CONVERSION = YES;
				GCC_WARN_ABOUT_RETURN_TYPE = YES_ERROR;
				GCC_WARN_UNDECLARED_SELECTOR = YES;
				GCC_WARN_UNINITIALIZED_AUTOS = YES_AGGRESSIVE;
				GCC_WARN_UNUSED_FUNCTION = YES;
				GCC_WARN_UNUSED_VARIABLE = YES;
				IPHONEOS_DEPLOYMENT_TARGET = 17.5;
				LOCALIZATION_PREFERS_STRING_CATALOGS = YES;
				MTL_ENABLE_DEBUG_INFO = NO;
				MTL_FAST_MATH = YES;
				SDKROOT = iphoneos;
				SWIFT_COMPILATION_MODE = wholemodule;
				VALIDATE_PRODUCT = YES;
			};
			name = Release;
		};
		A6A846CD2CF330E300F11B4D /* Debug */ = {
			isa = XCBuildConfiguration;
			buildSettings = {
				ASSETCATALOG_COMPILER_APPICON_NAME = AppIcon;
				ASSETCATALOG_COMPILER_GLOBAL_ACCENT_COLOR_NAME = AccentColor;
				CODE_SIGN_STYLE = Automatic;
				CURRENT_PROJECT_VERSION = 1;
				DEVELOPMENT_ASSET_PATHS = "\"LearnTCA/Preview Content\"";
				DEVELOPMENT_TEAM = 5LSQ3C9W8U;
				ENABLE_PREVIEWS = YES;
				GENERATE_INFOPLIST_FILE = YES;
				INFOPLIST_KEY_UIApplicationSceneManifest_Generation = YES;
				INFOPLIST_KEY_UIApplicationSupportsIndirectInputEvents = YES;
				INFOPLIST_KEY_UILaunchScreen_Generation = YES;
				INFOPLIST_KEY_UISupportedInterfaceOrientations_iPad = "UIInterfaceOrientationPortrait UIInterfaceOrientationPortraitUpsideDown UIInterfaceOrientationLandscapeLeft UIInterfaceOrientationLandscapeRight";
				INFOPLIST_KEY_UISupportedInterfaceOrientations_iPhone = "UIInterfaceOrientationPortrait UIInterfaceOrientationLandscapeLeft UIInterfaceOrientationLandscapeRight";
				LD_RUNPATH_SEARCH_PATHS = (
					"$(inherited)",
					"@executable_path/Frameworks",
				);
				MARKETING_VERSION = 1.0;
				PRODUCT_BUNDLE_IDENTIFIER = com.mrezkys.LearnTCA;
				PRODUCT_NAME = "$(TARGET_NAME)";
				SWIFT_EMIT_LOC_STRINGS = YES;
				SWIFT_VERSION = 5.0;
				TARGETED_DEVICE_FAMILY = "1,2";
			};
			name = Debug;
		};
		A6A846CE2CF330E300F11B4D /* Release */ = {
			isa = XCBuildConfiguration;
			buildSettings = {
				ASSETCATALOG_COMPILER_APPICON_NAME = AppIcon;
				ASSETCATALOG_COMPILER_GLOBAL_ACCENT_COLOR_NAME = AccentColor;
				CODE_SIGN_STYLE = Automatic;
				CURRENT_PROJECT_VERSION = 1;
				DEVELOPMENT_ASSET_PATHS = "\"LearnTCA/Preview Content\"";
				DEVELOPMENT_TEAM = 5LSQ3C9W8U;
				ENABLE_PREVIEWS = YES;
				GENERATE_INFOPLIST_FILE = YES;
				INFOPLIST_KEY_UIApplicationSceneManifest_Generation = YES;
				INFOPLIST_KEY_UIApplicationSupportsIndirectInputEvents = YES;
				INFOPLIST_KEY_UILaunchScreen_Generation = YES;
				INFOPLIST_KEY_UISupportedInterfaceOrientations_iPad = "UIInterfaceOrientationPortrait UIInterfaceOrientationPortraitUpsideDown UIInterfaceOrientationLandscapeLeft UIInterfaceOrientationLandscapeRight";
				INFOPLIST_KEY_UISupportedInterfaceOrientations_iPhone = "UIInterfaceOrientationPortrait UIInterfaceOrientationLandscapeLeft UIInterfaceOrientationLandscapeRight";
				LD_RUNPATH_SEARCH_PATHS = (
					"$(inherited)",
					"@executable_path/Frameworks",
				);
				MARKETING_VERSION = 1.0;
				PRODUCT_BUNDLE_IDENTIFIER = com.mrezkys.LearnTCA;
				PRODUCT_NAME = "$(TARGET_NAME)";
				SWIFT_EMIT_LOC_STRINGS = YES;
				SWIFT_VERSION = 5.0;
				TARGETED_DEVICE_FAMILY = "1,2";
			};
			name = Release;
		};
		A6A846D02CF330E300F11B4D /* Debug */ = {
			isa = XCBuildConfiguration;
			buildSettings = {
				ALWAYS_EMBED_SWIFT_STANDARD_LIBRARIES = YES;
				BUNDLE_LOADER = "$(TEST_HOST)";
				CODE_SIGN_STYLE = Automatic;
				CURRENT_PROJECT_VERSION = 1;
				DEVELOPMENT_TEAM = 5LSQ3C9W8U;
				GENERATE_INFOPLIST_FILE = YES;
				IPHONEOS_DEPLOYMENT_TARGET = 17.5;
				MARKETING_VERSION = 1.0;
				PRODUCT_BUNDLE_IDENTIFIER = com.mrezkys.LearnTCATests;
				PRODUCT_NAME = "$(TARGET_NAME)";
				SWIFT_EMIT_LOC_STRINGS = NO;
				SWIFT_VERSION = 5.0;
				TARGETED_DEVICE_FAMILY = "1,2";
				TEST_HOST = "$(BUILT_PRODUCTS_DIR)/LearnTCA.app/$(BUNDLE_EXECUTABLE_FOLDER_PATH)/LearnTCA";
			};
			name = Debug;
		};
		A6A846D12CF330E300F11B4D /* Release */ = {
			isa = XCBuildConfiguration;
			buildSettings = {
				ALWAYS_EMBED_SWIFT_STANDARD_LIBRARIES = YES;
				BUNDLE_LOADER = "$(TEST_HOST)";
				CODE_SIGN_STYLE = Automatic;
				CURRENT_PROJECT_VERSION = 1;
				DEVELOPMENT_TEAM = 5LSQ3C9W8U;
				GENERATE_INFOPLIST_FILE = YES;
				IPHONEOS_DEPLOYMENT_TARGET = 17.5;
				MARKETING_VERSION = 1.0;
				PRODUCT_BUNDLE_IDENTIFIER = com.mrezkys.LearnTCATests;
				PRODUCT_NAME = "$(TARGET_NAME)";
				SWIFT_EMIT_LOC_STRINGS = NO;
				SWIFT_VERSION = 5.0;
				TARGETED_DEVICE_FAMILY = "1,2";
				TEST_HOST = "$(BUILT_PRODUCTS_DIR)/LearnTCA.app/$(BUNDLE_EXECUTABLE_FOLDER_PATH)/LearnTCA";
			};
			name = Release;
		};
		A6A846D32CF330E300F11B4D /* Debug */ = {
			isa = XCBuildConfiguration;
			buildSettings = {
				ALWAYS_EMBED_SWIFT_STANDARD_LIBRARIES = YES;
				CODE_SIGN_STYLE = Automatic;
				CURRENT_PROJECT_VERSION = 1;
				DEVELOPMENT_TEAM = 5LSQ3C9W8U;
				GENERATE_INFOPLIST_FILE = YES;
				MARKETING_VERSION = 1.0;
				PRODUCT_BUNDLE_IDENTIFIER = com.mrezkys.LearnTCAUITests;
				PRODUCT_NAME = "$(TARGET_NAME)";
				SWIFT_EMIT_LOC_STRINGS = NO;
				SWIFT_VERSION = 5.0;
				TARGETED_DEVICE_FAMILY = "1,2";
				TEST_TARGET_NAME = LearnTCA;
			};
			name = Debug;
		};
		A6A846D42CF330E300F11B4D /* Release */ = {
			isa = XCBuildConfiguration;
			buildSettings = {
				ALWAYS_EMBED_SWIFT_STANDARD_LIBRARIES = YES;
				CODE_SIGN_STYLE = Automatic;
				CURRENT_PROJECT_VERSION = 1;
				DEVELOPMENT_TEAM = 5LSQ3C9W8U;
				GENERATE_INFOPLIST_FILE = YES;
				MARKETING_VERSION = 1.0;
				PRODUCT_BUNDLE_IDENTIFIER = com.mrezkys.LearnTCAUITests;
				PRODUCT_NAME = "$(TARGET_NAME)";
				SWIFT_EMIT_LOC_STRINGS = NO;
				SWIFT_VERSION = 5.0;
				TARGETED_DEVICE_FAMILY = "1,2";
				TEST_TARGET_NAME = LearnTCA;
			};
			name = Release;
		};
/* End XCBuildConfiguration section */

/* Begin XCConfigurationList section */
		A6A846A32CF330E200F11B4D /* Build configuration list for PBXProject "LearnTCA" */ = {
			isa = XCConfigurationList;
			buildConfigurations = (
				A6A846CA2CF330E300F11B4D /* Debug */,
				A6A846CB2CF330E300F11B4D /* Release */,
			);
			defaultConfigurationIsVisible = 0;
			defaultConfigurationName = Release;
		};
		A6A846CC2CF330E300F11B4D /* Build configuration list for PBXNativeTarget "LearnTCA" */ = {
			isa = XCConfigurationList;
			buildConfigurations = (
				A6A846CD2CF330E300F11B4D /* Debug */,
				A6A846CE2CF330E300F11B4D /* Release */,
			);
			defaultConfigurationIsVisible = 0;
			defaultConfigurationName = Release;
		};
		A6A846CF2CF330E300F11B4D /* Build configuration list for PBXNativeTarget "LearnTCATests" */ = {
			isa = XCConfigurationList;
			buildConfigurations = (
				A6A846D02CF330E300F11B4D /* Debug */,
				A6A846D12CF330E300F11B4D /* Release */,
			);
			defaultConfigurationIsVisible = 0;
			defaultConfigurationName = Release;
		};
		A6A846D22CF330E300F11B4D /* Build configuration list for PBXNativeTarget "LearnTCAUITests" */ = {
			isa = XCConfigurationList;
			buildConfigurations = (
				A6A846D32CF330E300F11B4D /* Debug */,
				A6A846D42CF330E300F11B4D /* Release */,
			);
			defaultConfigurationIsVisible = 0;
			defaultConfigurationName = Release;
		};
/* End XCConfigurationList section */
	};
	rootObject = A6A846A02CF330E200F11B4D /* Project object */;
}
